{
  "name": "dle-solver",
  "version": "4.9.0",
  "lockfileVersion": 3,
  "requires": true,
  "packages": {
    "": {
      "name": "dle-solver",
      "version": "4.9.0",
      "engines": {
        "node": ">=20"
      },
      "description": "Direct daily solver for seven DLE websites with multilingual UI, PayPal Premium and server-side answer gating."
    }
  }
}
